
Microsoft Visual Studio Solution File, Format Version 12.00
# Visual Studio Version 16
VisualStudioVersion = 16.0.29613.14
MinimumVisualStudioVersion = 10.0.40219.1
Project("{FAE04EC0-301F-11D3-BF4B-00C04F79EFBC}") = "webapp0721", "webapp0721.csproj", "{CC087C10-7497-494B-B97E-EBB725D2F1F5}"
EndProject
Global
	GlobalSection(SolutionConfigurationPlatforms) = preSolution
		Debug|Any CPU = Debug|Any CPU
		Release|Any CPU = Release|Any CPU
	EndGlobalSection
	GlobalSection(ProjectConfigurationPlatforms) = postSolution
		{CC087C10-7497-494B-B97E-EBB725D2F1F5}.Debug|Any CPU.ActiveCfg = Debug|Any CPU
		{CC087C10-7497-494B-B97E-EBB725D2F1F5}.Debug|Any CPU.Build.0 = Debug|Any CPU
		{CC087C10-7497-494B-B97E-EBB725D2F1F5}.Release|Any CPU.ActiveCfg = Release|Any CPU
		{CC087C10-7497-494B-B97E-EBB725D2F1F5}.Release|Any CPU.Build.0 = Release|Any CPU
	EndGlobalSection
	GlobalSection(SolutionProperties) = preSolution
		HideSolutionNode = FALSE
	EndGlobalSection
	GlobalSection(ExtensibilityGlobals) = postSolution
		SolutionGuid = {6A06988C-DD61-4340-85EE-B271B5BB8364}
	EndGlobalSection
EndGlobal
